
Microsoft Visual Studio Solution File, Format Version 12.00
# Visual Studio Version 17
VisualStudioVersion = 17.4.33403.182
MinimumVisualStudioVersion = 10.0.40219.1
Project("{FAE04EC0-301F-11D3-BF4B-00C04F79EFBC}") = "Projeto Entity", "Projeto Entity\Projeto Entity.csproj", "{EFEC9219-F6A1-49B3-9602-616AB80793F2}"
EndProject
Global
	GlobalSection(SolutionConfigurationPlatforms) = preSolution
		Debug|Any CPU = Debug|Any CPU
		Release|Any CPU = Release|Any CPU
	EndGlobalSection
	GlobalSection(ProjectConfigurationPlatforms) = postSolution
		{EFEC9219-F6A1-49B3-9602-616AB80793F2}.Debug|Any CPU.ActiveCfg = Debug|Any CPU
		{EFEC9219-F6A1-49B3-9602-616AB80793F2}.Debug|Any CPU.Build.0 = Debug|Any CPU
		{EFEC9219-F6A1-49B3-9602-616AB80793F2}.Release|Any CPU.ActiveCfg = Release|Any CPU
		{EFEC9219-F6A1-49B3-9602-616AB80793F2}.Release|Any CPU.Build.0 = Release|Any CPU
	EndGlobalSection
	GlobalSection(SolutionProperties) = preSolution
		HideSolutionNode = FALSE
	EndGlobalSection
	GlobalSection(ExtensibilityGlobals) = postSolution
		SolutionGuid = {998F5E7E-D782-4A34-8AB9-B31FFF56D36B}
	EndGlobalSection
EndGlobal
